
Microsoft Visual Studio Solution File, Format Version 12.00
# Visual Studio Version 16
VisualStudioVersion = 16.0.29215.179
MinimumVisualStudioVersion = 10.0.40219.1
Project("{FAE04EC0-301F-11D3-BF4B-00C04F79EFBC}") = "Stellar Application", "Stellar Application\Stellar Application.csproj", "{A2017F67-CF53-4106-AE49-B52CA65CB811}"
EndProject
Global
	GlobalSection(SolutionConfigurationPlatforms) = preSolution
		Debug|Any CPU = Debug|Any CPU
		Release|Any CPU = Release|Any CPU
	EndGlobalSection
	GlobalSection(ProjectConfigurationPlatforms) = postSolution
		{A2017F67-CF53-4106-AE49-B52CA65CB811}.Debug|Any CPU.ActiveCfg = Debug|Any CPU
		{A2017F67-CF53-4106-AE49-B52CA65CB811}.Debug|Any CPU.Build.0 = Debug|Any CPU
		{A2017F67-CF53-4106-AE49-B52CA65CB811}.Release|Any CPU.ActiveCfg = Release|Any CPU
		{A2017F67-CF53-4106-AE49-B52CA65CB811}.Release|Any CPU.Build.0 = Release|Any CPU
	EndGlobalSection
	GlobalSection(SolutionProperties) = preSolution
		HideSolutionNode = FALSE
	EndGlobalSection
	GlobalSection(ExtensibilityGlobals) = postSolution
		SolutionGuid = {C1A52808-97C5-4867-A78C-0EC46E87288E}
	EndGlobalSection
EndGlobal
